
Microsoft Visual Studio Solution File, Format Version 12.00
# Visual Studio Version 17
VisualStudioVersion = 17.5.002.0
MinimumVisualStudioVersion = 10.0.40219.1
Project("{9A19103F-16F7-4668-BE54-9A1E7A4F7556}") = "Konkor", "Konkor.csproj", "{52765204-25EE-4182-A3BC-76EF433F9032}"
EndProject
Global
	GlobalSection(SolutionConfigurationPlatforms) = preSolution
		Debug|Any CPU = Debug|Any CPU
		Release|Any CPU = Release|Any CPU
	EndGlobalSection
	GlobalSection(ProjectConfigurationPlatforms) = postSolution
		{52765204-25EE-4182-A3BC-76EF433F9032}.Debug|Any CPU.ActiveCfg = Debug|Any CPU
		{52765204-25EE-4182-A3BC-76EF433F9032}.Debug|Any CPU.Build.0 = Debug|Any CPU
		{52765204-25EE-4182-A3BC-76EF433F9032}.Release|Any CPU.ActiveCfg = Release|Any CPU
		{52765204-25EE-4182-A3BC-76EF433F9032}.Release|Any CPU.Build.0 = Release|Any CPU
	EndGlobalSection
	GlobalSection(SolutionProperties) = preSolution
		HideSolutionNode = FALSE
	EndGlobalSection
	GlobalSection(ExtensibilityGlobals) = postSolution
		SolutionGuid = {67752975-6B48-4D2D-89B7-CDCD2518B4D4}
	EndGlobalSection
EndGlobal
